
Microsoft Visual Studio Solution File, Format Version 12.00
# Visual Studio Version 17
VisualStudioVersion = 17.5.33530.505
MinimumVisualStudioVersion = 10.0.40219.1
Project("{8BC9CEB8-8B4A-11D0-8D11-00A0C91BC942}") = "PointCloudApp", "PointCloudApp\PointCloudApp.vcxproj", "{4281572D-3796-4234-BC44-ED3FD8EDB69D}"
	ProjectSection(ProjectDependencies) = postProject
		{B16B213D-A58B-37BA-8F9F-96D645197D1E} = {B16B213D-A58B-37BA-8F9F-96D645197D1E}
	EndProjectSection
EndProject
Project("{2150E333-8FDC-42A3-9474-1A3956D46DE8}") = "NvPro", "NvPro", "{0E026779-2BED-45AC-A2C0-260D34E17776}"
EndProject
Project("{8BC9CEB8-8B4A-11D0-8D11-00A0C91BC942}") = "nvpro_core", "extlibs\nvpro_core\nvpro_core\nvpro_core.vcxproj", "{B16B213D-A58B-37BA-8F9F-96D645197D1E}"
EndProject
Global
	GlobalSection(SolutionConfigurationPlatforms) = preSolution
		Debug|x64 = Debug|x64
		Debug|x86 = Debug|x86
		MinSizeRel|x64 = MinSizeRel|x64
		MinSizeRel|x86 = MinSizeRel|x86
		Release|x64 = Release|x64
		Release|x86 = Release|x86
		RelWithDebInfo|x64 = RelWithDebInfo|x64
		RelWithDebInfo|x86 = RelWithDebInfo|x86
	EndGlobalSection
	GlobalSection(ProjectConfigurationPlatforms) = postSolution
		{4281572D-3796-4234-BC44-ED3FD8EDB69D}.Debug|x64.ActiveCfg = Debug|x64
		{4281572D-3796-4234-BC44-ED3FD8EDB69D}.Debug|x64.Build.0 = Debug|x64
		{4281572D-3796-4234-BC44-ED3FD8EDB69D}.Debug|x86.ActiveCfg = Debug|Win32
		{4281572D-3796-4234-BC44-ED3FD8EDB69D}.Debug|x86.Build.0 = Debug|Win32
		{4281572D-3796-4234-BC44-ED3FD8EDB69D}.MinSizeRel|x64.ActiveCfg = Release|x64
		{4281572D-3796-4234-BC44-ED3FD8EDB69D}.MinSizeRel|x64.Build.0 = Release|x64
		{4281572D-3796-4234-BC44-ED3FD8EDB69D}.MinSizeRel|x86.ActiveCfg = Release|Win32
		{4281572D-3796-4234-BC44-ED3FD8EDB69D}.MinSizeRel|x86.Build.0 = Release|Win32
		{4281572D-3796-4234-BC44-ED3FD8EDB69D}.Release|x64.ActiveCfg = Release|x64
		{4281572D-3796-4234-BC44-ED3FD8EDB69D}.Release|x64.Build.0 = Release|x64
		{4281572D-3796-4234-BC44-ED3FD8EDB69D}.Release|x86.ActiveCfg = Release|Win32
		{4281572D-3796-4234-BC44-ED3FD8EDB69D}.Release|x86.Build.0 = Release|Win32
		{4281572D-3796-4234-BC44-ED3FD8EDB69D}.RelWithDebInfo|x64.ActiveCfg = Release|x64
		{4281572D-3796-4234-BC44-ED3FD8EDB69D}.RelWithDebInfo|x64.Build.0 = Release|x64
		{4281572D-3796-4234-BC44-ED3FD8EDB69D}.RelWithDebInfo|x86.ActiveCfg = Release|Win32
		{4281572D-3796-4234-BC44-ED3FD8EDB69D}.RelWithDebInfo|x86.Build.0 = Release|Win32
		{B16B213D-A58B-37BA-8F9F-96D645197D1E}.Debug|x64.ActiveCfg = Debug|x64
		{B16B213D-A58B-37BA-8F9F-96D645197D1E}.Debug|x64.Build.0 = Debug|x64
		{B16B213D-A58B-37BA-8F9F-96D645197D1E}.Debug|x86.ActiveCfg = Debug|x64
		{B16B213D-A58B-37BA-8F9F-96D645197D1E}.Debug|x86.Build.0 = Debug|x64
		{B16B213D-A58B-37BA-8F9F-96D645197D1E}.MinSizeRel|x64.ActiveCfg = MinSizeRel|x64
		{B16B213D-A58B-37BA-8F9F-96D645197D1E}.MinSizeRel|x64.Build.0 = MinSizeRel|x64
		{B16B213D-A58B-37BA-8F9F-96D645197D1E}.MinSizeRel|x86.ActiveCfg = MinSizeRel|x64
		{B16B213D-A58B-37BA-8F9F-96D645197D1E}.MinSizeRel|x86.Build.0 = MinSizeRel|x64
		{B16B213D-A58B-37BA-8F9F-96D645197D1E}.Release|x64.ActiveCfg = Release|x64
		{B16B213D-A58B-37BA-8F9F-96D645197D1E}.Release|x64.Build.0 = Release|x64
		{B16B213D-A58B-37BA-8F9F-96D645197D1E}.Release|x86.ActiveCfg = Release|x64
		{B16B213D-A58B-37BA-8F9F-96D645197D1E}.Release|x86.Build.0 = Release|x64
		{B16B213D-A58B-37BA-8F9F-96D645197D1E}.RelWithDebInfo|x64.ActiveCfg = RelWithDebInfo|x64
		{B16B213D-A58B-37BA-8F9F-96D645197D1E}.RelWithDebInfo|x64.Build.0 = RelWithDebInfo|x64
		{B16B213D-A58B-37BA-8F9F-96D645197D1E}.RelWithDebInfo|x86.ActiveCfg = RelWithDebInfo|x64
		{B16B213D-A58B-37BA-8F9F-96D645197D1E}.RelWithDebInfo|x86.Build.0 = RelWithDebInfo|x64
	EndGlobalSection
	GlobalSection(SolutionProperties) = preSolution
		HideSolutionNode = FALSE
	EndGlobalSection
	GlobalSection(NestedProjects) = preSolution
		{B16B213D-A58B-37BA-8F9F-96D645197D1E} = {0E026779-2BED-45AC-A2C0-260D34E17776}
	EndGlobalSection
	GlobalSection(ExtensibilityGlobals) = postSolution
		SolutionGuid = {F02DF3C1-36D2-4B4F-A2A8-96E820B49920}
	EndGlobalSection
EndGlobal
