<?xml version="1.0" encoding="utf-8"?>
<Project ToolsVersion="4.0" xmlns="http://schemas.microsoft.com/developer/msbuild/2003">
  <ItemGroup>
    <Filter Include="ソース ファイル">
      <UniqueIdentifier>{4FC737F1-C7A5-4376-A066-2A32D752A2FF}</UniqueIdentifier>
      <Extensions>cpp;c;cc;cxx;def;odl;idl;hpj;bat;asm;asmx</Extensions>
    </Filter>
    <Filter Include="リソース ファイル">
      <UniqueIdentifier>{67DA6AB6-F800-4c08-8B7A-83BB121AAD01}</UniqueIdentifier>
      <Extensions>rc;ico;cur;bmp;dlg;rc2;rct;bin;rgs;gif;jpg;jpeg;jpe;resx;tiff;tif;png;wav;mfcribbon-ms</Extensions>
    </Filter>
    <Filter Include="ソース ファイル\Camera">
      <UniqueIdentifier>{cba56f7d-4017-4e1b-988a-c058b4dcaf62}</UniqueIdentifier>
    </Filter>
    <Filter Include="ソース ファイル\Primitive">
      <UniqueIdentifier>{8d33f900-971b-4963-94b0-1c6fee634147}</UniqueIdentifier>
    </Filter>
    <Filter Include="ソース ファイル\Utility">
      <UniqueIdentifier>{579a6bd1-d4d7-411a-9a1c-40cbb2123c4b}</UniqueIdentifier>
    </Filter>
    <Filter Include="ソース ファイル\GL">
      <UniqueIdentifier>{733b07bf-202f-43b1-9077-0028c8bae427}</UniqueIdentifier>
    </Filter>
    <Filter Include="ソース ファイル\GL\Shader">
      <UniqueIdentifier>{8c55a26c-fb79-4fa4-9769-dc6432f99d41}</UniqueIdentifier>
    </Filter>
    <Filter Include="ソース ファイル\GL\Buffer">
      <UniqueIdentifier>{1e16fcc8-d3be-481a-a2aa-951466319d06}</UniqueIdentifier>
    </Filter>
    <Filter Include="ソース ファイル\Algorithm">
      <UniqueIdentifier>{f3dc7009-918c-46e6-9c07-6c6e723ee763}</UniqueIdentifier>
    </Filter>
    <Filter Include="ソース ファイル\extlibs">
      <UniqueIdentifier>{7623ae20-670f-4175-85f1-555ca5721392}</UniqueIdentifier>
    </Filter>
    <Filter Include="ソース ファイル\Node">
      <UniqueIdentifier>{6dd7074f-7431-4938-8430-2aa342a2abef}</UniqueIdentifier>
    </Filter>
    <Filter Include="ソース ファイル\App">
      <UniqueIdentifier>{0bde5c8a-34d5-45bc-9b4f-102de57ba7c0}</UniqueIdentifier>
    </Filter>
    <Filter Include="ソース ファイル\Utility\Loader">
      <UniqueIdentifier>{6c51319b-7d8d-426f-ad4c-fc7090e6f624}</UniqueIdentifier>
    </Filter>
    <Filter Include="ソース ファイル\Utility\GLTF">
      <UniqueIdentifier>{d0dd84a3-36d7-42b5-adf4-dc124e8949ef}</UniqueIdentifier>
    </Filter>
    <Filter Include="ソース ファイル\Utility\HalfEdge">
      <UniqueIdentifier>{a11932a0-6878-4f3f-adda-cbf2fb4a2877}</UniqueIdentifier>
    </Filter>
    <Filter Include="ソース ファイル\Utility\PointCloud">
      <UniqueIdentifier>{2a44b236-d1b0-4470-9761-755616275d4a}</UniqueIdentifier>
    </Filter>
    <Filter Include="ソース ファイル\Utility\CADScene">
      <UniqueIdentifier>{20aa09f7-84d0-4b8a-ad71-60f9912f1806}</UniqueIdentifier>
    </Filter>
  </ItemGroup>
  <ItemGroup>
    <ClCompile Include="main.cpp">
      <Filter>ソース ファイル</Filter>
    </ClCompile>
    <ClCompile Include="SimpleShader.cpp">
      <Filter>ソース ファイル\GL\Shader</Filter>
    </ClCompile>
    <ClCompile Include="IShader.cpp">
      <Filter>ソース ファイル\GL\Shader</Filter>
    </ClCompile>
    <ClCompile Include="ShaderUtility.cpp">
      <Filter>ソース ファイル\GL\Shader</Filter>
    </ClCompile>
    <ClCompile Include="pch.cpp">
      <Filter>ソース ファイル</Filter>
    </ClCompile>
    <ClCompile Include="CameraController.cpp">
      <Filter>ソース ファイル\Camera</Filter>
    </ClCompile>
    <ClCompile Include="Mouse.cpp">
      <Filter>ソース ファイル\Utility</Filter>
    </ClCompile>
    <ClCompile Include="BDB.cpp">
      <Filter>ソース ファイル\Utility</Filter>
    </ClCompile>
    <ClCompile Include="Profiler.cpp">
      <Filter>ソース ファイル\Utility</Filter>
    </ClCompile>
    <ClCompile Include="GLBuffer.cpp">
      <Filter>ソース ファイル\GL\Buffer</Filter>
    </ClCompile>
    <ClCompile Include="FileUtility.cpp">
      <Filter>ソース ファイル\Utility</Filter>
    </ClCompile>
    <ClCompile Include="KMeansAlgorithm.cpp">
      <Filter>ソース ファイル\Algorithm</Filter>
    </ClCompile>
    <ClCompile Include="Utility.cpp">
      <Filter>ソース ファイル\Utility</Filter>
    </ClCompile>
    <ClCompile Include="KDTree.cpp">
      <Filter>ソース ファイル\Algorithm</Filter>
    </ClCompile>
    <ClCompile Include="..\extlibs\imgui\imgui_demo.cpp">
      <Filter>ソース ファイル\extlibs</Filter>
    </ClCompile>
    <ClCompile Include="..\extlibs\imgui\imgui_draw.cpp">
      <Filter>ソース ファイル\extlibs</Filter>
    </ClCompile>
    <ClCompile Include="..\extlibs\imgui\imgui_tables.cpp">
      <Filter>ソース ファイル\extlibs</Filter>
    </ClCompile>
    <ClCompile Include="..\extlibs\imgui\imgui_widgets.cpp">
      <Filter>ソース ファイル\extlibs</Filter>
    </ClCompile>
    <ClCompile Include="..\extlibs\imgui\imgui.cpp">
      <Filter>ソース ファイル\extlibs</Filter>
    </ClCompile>
    <ClCompile Include="..\extlibs\imgui\backends\imgui_impl_opengl3.cpp">
      <Filter>ソース ファイル\extlibs</Filter>
    </ClCompile>
    <ClCompile Include="..\extlibs\imgui\backends\imgui_impl_glfw.cpp">
      <Filter>ソース ファイル\extlibs</Filter>
    </ClCompile>
    <ClCompile Include="RenderNode.cpp">
      <Filter>ソース ファイル\Node</Filter>
    </ClCompile>
    <ClCompile Include="PrimitiveNode.cpp">
      <Filter>ソース ファイル\Node</Filter>
    </ClCompile>
    <ClCompile Include="Primitives.cpp">
      <Filter>ソース ファイル\Primitive</Filter>
    </ClCompile>
    <ClCompile Include="Primitive.cpp">
      <Filter>ソース ファイル\Primitive</Filter>
    </ClCompile>
    <ClCompile Include="Camera.cpp">
      <Filter>ソース ファイル\Camera</Filter>
    </ClCompile>
    <ClCompile Include="ShaderTable.cpp">
      <Filter>ソース ファイル\GL\Shader</Filter>
    </ClCompile>
    <ClCompile Include="KDTreeNanoFlann.cpp">
      <Filter>ソース ファイル\Algorithm</Filter>
    </ClCompile>
    <ClCompile Include="Harris3D.cpp">
      <Filter>ソース ファイル\Algorithm</Filter>
    </ClCompile>
    <ClCompile Include="AlphaShape.cpp">
      <Filter>ソース ファイル\Algorithm</Filter>
    </ClCompile>
    <ClCompile Include="PointCloudApp.cpp">
      <Filter>ソース ファイル\App</Filter>
    </ClCompile>
    <ClCompile Include="ComputeShaderTest.cpp">
      <Filter>ソース ファイル\App</Filter>
    </ClCompile>
    <ClCompile Include="ComputePointCloudApp.cpp">
      <Filter>ソース ファイル\App</Filter>
    </ClCompile>
    <ClCompile Include="Texture.cpp">
      <Filter>ソース ファイル\GL\Buffer</Filter>
    </ClCompile>
    <ClCompile Include="GLFWApp.cpp">
      <Filter>ソース ファイル\App</Filter>
    </ClCompile>
    <ClCompile Include="RenderTextureNode.cpp">
      <Filter>ソース ファイル\Node</Filter>
    </ClCompile>
    <ClCompile Include="FrameBuffer.cpp">
      <Filter>ソース ファイル\GL\Buffer</Filter>
    </ClCompile>
    <ClCompile Include="TextureLoader.cpp">
      <Filter>ソース ファイル\Utility\Loader</Filter>
    </ClCompile>
    <ClCompile Include="GLTFLoader.cpp">
      <Filter>ソース ファイル\Utility\GLTF</Filter>
    </ClCompile>
    <ClCompile Include="GLTFStruct.cpp">
      <Filter>ソース ファイル\Utility\GLTF</Filter>
    </ClCompile>
    <ClCompile Include="GLTFSceneUpdater.cpp">
      <Filter>ソース ファイル\Utility\GLTF</Filter>
    </ClCompile>
    <ClCompile Include="GLTFScene.cpp">
      <Filter>ソース ファイル\Utility\GLTF</Filter>
    </ClCompile>
    <ClCompile Include="MeshShaderTest.cpp">
      <Filter>ソース ファイル\App</Filter>
    </ClCompile>
    <ClCompile Include="GLAPIExt.cpp">
      <Filter>ソース ファイル\GL</Filter>
    </ClCompile>
    <ClCompile Include="HalfEdgeStruct.cpp">
      <Filter>ソース ファイル\Utility\HalfEdge</Filter>
    </ClCompile>
    <ClCompile Include="GLTFShader.cpp">
      <Filter>ソース ファイル\Utility\GLTF</Filter>
    </ClCompile>
    <ClCompile Include="HalfEdgeLoader.cpp">
      <Filter>ソース ファイル\Utility\HalfEdge</Filter>
    </ClCompile>
    <ClCompile Include="HalfEdgeNode.cpp">
      <Filter>ソース ファイル\Utility\HalfEdge</Filter>
    </ClCompile>
    <ClCompile Include="PointCloudIO.cpp">
      <Filter>ソース ファイル\Utility\PointCloud</Filter>
    </ClCompile>
    <ClCompile Include="PointCloudNode.cpp">
      <Filter>ソース ファイル\Utility\PointCloud</Filter>
    </ClCompile>
    <ClCompile Include="PointCloud.cpp">
      <Filter>ソース ファイル\Utility\PointCloud</Filter>
    </ClCompile>
    <ClCompile Include="MeshletGenerator.cpp">
      <Filter>ソース ファイル\Algorithm</Filter>
    </ClCompile>
    <ClCompile Include="..\extlibs\implot\implot.cpp">
      <Filter>ソース ファイル\extlibs</Filter>
    </ClCompile>
    <ClCompile Include="..\extlibs\implot\implot_demo.cpp">
      <Filter>ソース ファイル\extlibs</Filter>
    </ClCompile>
    <ClCompile Include="..\extlibs\implot\implot_items.cpp">
      <Filter>ソース ファイル\extlibs</Filter>
    </ClCompile>
    <ClCompile Include="RenderResource.cpp">
      <Filter>ソース ファイル\GL</Filter>
    </ClCompile>
    <ClCompile Include="SkyBoxNode.cpp">
      <Filter>ソース ファイル\Node</Filter>
    </ClCompile>
    <ClCompile Include="Light.cpp">
      <Filter>ソース ファイル</Filter>
    </ClCompile>
    <ClCompile Include="DelaunayGenerator.cpp">
      <Filter>ソース ファイル\Algorithm</Filter>
    </ClCompile>
    <ClCompile Include="PrimitiveTable.cpp">
      <Filter>ソース ファイル\Primitive</Filter>
    </ClCompile>
    <ClCompile Include="GeometryBuffer.cpp">
      <Filter>ソース ファイル\GL\Buffer</Filter>
    </ClCompile>
    <ClCompile Include="KIMath.cpp">
      <Filter>ソース ファイル\Utility</Filter>
    </ClCompile>
    <ClCompile Include="ShapeDiameterFunction.cpp">
      <Filter>ソース ファイル\Algorithm</Filter>
    </ClCompile>
    <ClCompile Include="RenderTarget.cpp">
      <Filter>ソース ファイル\GL</Filter>
    </ClCompile>
    <ClCompile Include="Voxelizer.cpp">
      <Filter>ソース ファイル\Algorithm</Filter>
    </ClCompile>
    <ClCompile Include="CADSceneLoader.cpp">
      <Filter>ソース ファイル\Utility\CADScene</Filter>
    </ClCompile>
  </ItemGroup>
  <ItemGroup>
    <ClInclude Include="CameraController.h">
      <Filter>ソース ファイル\Camera</Filter>
    </ClInclude>
    <ClInclude Include="GLBuffer.h">
      <Filter>ソース ファイル\GL\Buffer</Filter>
    </ClInclude>
    <ClInclude Include="IShader.h">
      <Filter>ソース ファイル\GL\Shader</Filter>
    </ClInclude>
    <ClInclude Include="ShaderUtility.h">
      <Filter>ソース ファイル\GL\Shader</Filter>
    </ClInclude>
    <ClInclude Include="SimpleShader.h">
      <Filter>ソース ファイル\GL\Shader</Filter>
    </ClInclude>
    <ClInclude Include="BDB.h">
      <Filter>ソース ファイル\Utility</Filter>
    </ClInclude>
    <ClInclude Include="Mouse.h">
      <Filter>ソース ファイル\Utility</Filter>
    </ClInclude>
    <ClInclude Include="MouseInput.h">
      <Filter>ソース ファイル\Utility</Filter>
    </ClInclude>
    <ClInclude Include="Profiler.h">
      <Filter>ソース ファイル\Utility</Filter>
    </ClInclude>
    <ClInclude Include="pch.h">
      <Filter>ソース ファイル</Filter>
    </ClInclude>
    <ClInclude Include="FileUtility.h">
      <Filter>ソース ファイル\Utility</Filter>
    </ClInclude>
    <ClInclude Include="IAlgorithm.h">
      <Filter>ソース ファイル\Algorithm</Filter>
    </ClInclude>
    <ClInclude Include="KMeansAlgorithm.h">
      <Filter>ソース ファイル\Algorithm</Filter>
    </ClInclude>
    <ClInclude Include="Random.h">
      <Filter>ソース ファイル\Utility</Filter>
    </ClInclude>
    <ClInclude Include="Utility.h">
      <Filter>ソース ファイル\Utility</Filter>
    </ClInclude>
    <ClInclude Include="KDTree.h">
      <Filter>ソース ファイル\Algorithm</Filter>
    </ClInclude>
    <ClInclude Include="..\extlibs\imgui\imgui.h">
      <Filter>ソース ファイル\extlibs</Filter>
    </ClInclude>
    <ClInclude Include="..\extlibs\imgui\imgui_internal.h">
      <Filter>ソース ファイル\extlibs</Filter>
    </ClInclude>
    <ClInclude Include="..\extlibs\imgui\imstb_rectpack.h">
      <Filter>ソース ファイル\extlibs</Filter>
    </ClInclude>
    <ClInclude Include="..\extlibs\imgui\imstb_textedit.h">
      <Filter>ソース ファイル\extlibs</Filter>
    </ClInclude>
    <ClInclude Include="..\extlibs\imgui\imstb_truetype.h">
      <Filter>ソース ファイル\extlibs</Filter>
    </ClInclude>
    <ClInclude Include="..\extlibs\imgui\imconfig.h">
      <Filter>ソース ファイル\extlibs</Filter>
    </ClInclude>
    <ClInclude Include="..\extlibs\imgui\backends\imgui_impl_opengl3.h">
      <Filter>ソース ファイル\extlibs</Filter>
    </ClInclude>
    <ClInclude Include="..\extlibs\imgui\backends\imgui_impl_glfw.h">
      <Filter>ソース ファイル\extlibs</Filter>
    </ClInclude>
    <ClInclude Include="RenderNode.h">
      <Filter>ソース ファイル\Node</Filter>
    </ClInclude>
    <ClInclude Include="PrimitiveNode.h">
      <Filter>ソース ファイル\Node</Filter>
    </ClInclude>
    <ClInclude Include="Primitives.h">
      <Filter>ソース ファイル\Primitive</Filter>
    </ClInclude>
    <ClInclude Include="Primitive.h">
      <Filter>ソース ファイル\Primitive</Filter>
    </ClInclude>
    <ClInclude Include="Camera.h">
      <Filter>ソース ファイル\Camera</Filter>
    </ClInclude>
    <ClInclude Include="ShaderTable.h">
      <Filter>ソース ファイル\GL\Shader</Filter>
    </ClInclude>
    <ClInclude Include="RenderResource.h">
      <Filter>ソース ファイル\GL</Filter>
    </ClInclude>
    <ClInclude Include="KDTreeNanoFlann.h">
      <Filter>ソース ファイル\Algorithm</Filter>
    </ClInclude>
    <ClInclude Include="Harris3D.h">
      <Filter>ソース ファイル\Algorithm</Filter>
    </ClInclude>
    <ClInclude Include="AlphaShape.h">
      <Filter>ソース ファイル\Algorithm</Filter>
    </ClInclude>
    <ClInclude Include="PointCloudApp.h">
      <Filter>ソース ファイル\App</Filter>
    </ClInclude>
    <ClInclude Include="TheApp.h">
      <Filter>ソース ファイル\App</Filter>
    </ClInclude>
    <ClInclude Include="ComputeShaderTest.h">
      <Filter>ソース ファイル\App</Filter>
    </ClInclude>
    <ClInclude Include="ComputePointCloudApp.h">
      <Filter>ソース ファイル\App</Filter>
    </ClInclude>
    <ClInclude Include="Texture.h">
      <Filter>ソース ファイル\GL\Buffer</Filter>
    </ClInclude>
    <ClInclude Include="GLFWApp.h">
      <Filter>ソース ファイル\App</Filter>
    </ClInclude>
    <ClInclude Include="RenderTextureNode.h">
      <Filter>ソース ファイル\Node</Filter>
    </ClInclude>
    <ClInclude Include="FrameBuffer.h">
      <Filter>ソース ファイル\GL\Buffer</Filter>
    </ClInclude>
    <ClInclude Include="GLTypes.h">
      <Filter>ソース ファイル\GL</Filter>
    </ClInclude>
    <ClInclude Include="TextureLoader.h">
      <Filter>ソース ファイル\Utility\Loader</Filter>
    </ClInclude>
    <ClInclude Include="GLTFLoader.h">
      <Filter>ソース ファイル\Utility\GLTF</Filter>
    </ClInclude>
    <ClInclude Include="GLTFStruct.h">
      <Filter>ソース ファイル\Utility\GLTF</Filter>
    </ClInclude>
    <ClInclude Include="GLTFSceneUpdater.h">
      <Filter>ソース ファイル\Utility\GLTF</Filter>
    </ClInclude>
    <ClInclude Include="GLTFScene.h">
      <Filter>ソース ファイル\Utility\GLTF</Filter>
    </ClInclude>
    <ClInclude Include="MeshShaderTest.h">
      <Filter>ソース ファイル\App</Filter>
    </ClInclude>
    <ClInclude Include="GLAPIExt.h">
      <Filter>ソース ファイル\GL</Filter>
    </ClInclude>
    <ClInclude Include="HalfEdgeStruct.h">
      <Filter>ソース ファイル\Utility\HalfEdge</Filter>
    </ClInclude>
    <ClInclude Include="GLTFShader.h">
      <Filter>ソース ファイル\Utility\GLTF</Filter>
    </ClInclude>
    <ClInclude Include="HalfEdgeLoader.h">
      <Filter>ソース ファイル\Utility\HalfEdge</Filter>
    </ClInclude>
    <ClInclude Include="HalfEdgeNode.h">
      <Filter>ソース ファイル\Utility\HalfEdge</Filter>
    </ClInclude>
    <ClInclude Include="PointCloudIO.h">
      <Filter>ソース ファイル\Utility\PointCloud</Filter>
    </ClInclude>
    <ClInclude Include="PointCloudNode.h">
      <Filter>ソース ファイル\Utility\PointCloud</Filter>
    </ClInclude>
    <ClInclude Include="PointCloud.h">
      <Filter>ソース ファイル\Utility\PointCloud</Filter>
    </ClInclude>
    <ClInclude Include="MeshletGenerator.h">
      <Filter>ソース ファイル\Algorithm</Filter>
    </ClInclude>
    <ClInclude Include="..\extlibs\implot\implot.h">
      <Filter>ソース ファイル\extlibs</Filter>
    </ClInclude>
    <ClInclude Include="..\extlibs\implot\implot_internal.h">
      <Filter>ソース ファイル\extlibs</Filter>
    </ClInclude>
    <ClInclude Include="SkyBoxNode.h">
      <Filter>ソース ファイル\Node</Filter>
    </ClInclude>
    <ClInclude Include="Light.h">
      <Filter>ソース ファイル</Filter>
    </ClInclude>
    <ClInclude Include="DelaunayGenerator.h">
      <Filter>ソース ファイル\Algorithm</Filter>
    </ClInclude>
    <ClInclude Include="PrimitiveTable.h">
      <Filter>ソース ファイル\Primitive</Filter>
    </ClInclude>
    <ClInclude Include="GeometryBuffer.h">
      <Filter>ソース ファイル\GL\Buffer</Filter>
    </ClInclude>
    <ClInclude Include="KIMath.h">
      <Filter>ソース ファイル\Utility</Filter>
    </ClInclude>
    <ClInclude Include="ShapeDiameterFunction.h">
      <Filter>ソース ファイル\Algorithm</Filter>
    </ClInclude>
    <ClInclude Include="RenderTarget.h">
      <Filter>ソース ファイル\GL</Filter>
    </ClInclude>
    <ClInclude Include="Voxelizer.h">
      <Filter>ソース ファイル\Algorithm</Filter>
    </ClInclude>
    <ClInclude Include="CADSceneLoader.h">
      <Filter>ソース ファイル\Utility\CADScene</Filter>
    </ClInclude>
  </ItemGroup>
</Project>