<?xml version="1.0" encoding="utf-8"?>
<Project ToolsVersion="4.0" xmlns="http://schemas.microsoft.com/developer/msbuild/2003">
  <ItemGroup>
    <Filter Include="ソース ファイル">
      <UniqueIdentifier>{4FC737F1-C7A5-4376-A066-2A32D752A2FF}</UniqueIdentifier>
      <Extensions>cpp;c;cc;cxx;def;odl;idl;hpj;bat;asm;asmx</Extensions>
    </Filter>
    <Filter Include="リソース ファイル">
      <UniqueIdentifier>{67DA6AB6-F800-4c08-8B7A-83BB121AAD01}</UniqueIdentifier>
      <Extensions>rc;ico;cur;bmp;dlg;rc2;rct;bin;rgs;gif;jpg;jpeg;jpe;resx;tiff;tif;png;wav;mfcribbon-ms</Extensions>
    </Filter>
    <Filter Include="ソース ファイル\Primitive">
      <UniqueIdentifier>{8d33f900-971b-4963-94b0-1c6fee634147}</UniqueIdentifier>
    </Filter>
    <Filter Include="ソース ファイル\Utility">
      <UniqueIdentifier>{579a6bd1-d4d7-411a-9a1c-40cbb2123c4b}</UniqueIdentifier>
    </Filter>
    <Filter Include="ソース ファイル\GL">
      <UniqueIdentifier>{733b07bf-202f-43b1-9077-0028c8bae427}</UniqueIdentifier>
    </Filter>
    <Filter Include="ソース ファイル\GL\Buffer">
      <UniqueIdentifier>{1e16fcc8-d3be-481a-a2aa-951466319d06}</UniqueIdentifier>
    </Filter>
    <Filter Include="ソース ファイル\Algorithm">
      <UniqueIdentifier>{f3dc7009-918c-46e6-9c07-6c6e723ee763}</UniqueIdentifier>
    </Filter>
    <Filter Include="ソース ファイル\extlibs">
      <UniqueIdentifier>{7623ae20-670f-4175-85f1-555ca5721392}</UniqueIdentifier>
    </Filter>
    <Filter Include="ソース ファイル\Node">
      <UniqueIdentifier>{6dd7074f-7431-4938-8430-2aa342a2abef}</UniqueIdentifier>
    </Filter>
    <Filter Include="ソース ファイル\App">
      <UniqueIdentifier>{0bde5c8a-34d5-45bc-9b4f-102de57ba7c0}</UniqueIdentifier>
    </Filter>
    <Filter Include="ソース ファイル\Utility\AI">
      <UniqueIdentifier>{e45d7cf2-ca9a-40a8-a7ad-8b3bb6021760}</UniqueIdentifier>
    </Filter>
    <Filter Include="ソース ファイル\Algorithm\HalfEdge">
      <UniqueIdentifier>{a11932a0-6878-4f3f-adda-cbf2fb4a2877}</UniqueIdentifier>
    </Filter>
    <Filter Include="ソース ファイル\Node\STEP">
      <UniqueIdentifier>{a93760bc-bb9d-4596-86b6-dcd8fc3a0a0d}</UniqueIdentifier>
    </Filter>
    <Filter Include="ソース ファイル\Node\PointCloud">
      <UniqueIdentifier>{2a44b236-d1b0-4470-9761-755616275d4a}</UniqueIdentifier>
    </Filter>
    <Filter Include="ソース ファイル\Node\Loader">
      <UniqueIdentifier>{6c51319b-7d8d-426f-ad4c-fc7090e6f624}</UniqueIdentifier>
    </Filter>
    <Filter Include="ソース ファイル\Node\GLTF">
      <UniqueIdentifier>{d0dd84a3-36d7-42b5-adf4-dc124e8949ef}</UniqueIdentifier>
    </Filter>
    <Filter Include="ソース ファイル\Node\GaussianSplatting">
      <UniqueIdentifier>{4f53f30e-977d-4530-af99-310b74a1e320}</UniqueIdentifier>
    </Filter>
    <Filter Include="ソース ファイル\Node\DXF">
      <UniqueIdentifier>{25d81fba-6a5d-44e8-831b-19175971f7e7}</UniqueIdentifier>
    </Filter>
    <Filter Include="ソース ファイル\Node\CSF">
      <UniqueIdentifier>{20aa09f7-84d0-4b8a-ad71-60f9912f1806}</UniqueIdentifier>
    </Filter>
    <Filter Include="ソース ファイル\Renderer">
      <UniqueIdentifier>{257b053d-8e23-4e7a-8f56-06f0200d47b7}</UniqueIdentifier>
    </Filter>
    <Filter Include="ソース ファイル\Renderer\Shader">
      <UniqueIdentifier>{8c55a26c-fb79-4fa4-9769-dc6432f99d41}</UniqueIdentifier>
    </Filter>
    <Filter Include="ソース ファイル\Renderer\Camera">
      <UniqueIdentifier>{cba56f7d-4017-4e1b-988a-c058b4dcaf62}</UniqueIdentifier>
    </Filter>
  </ItemGroup>
  <ItemGroup>
    <ClCompile Include="main.cpp">
      <Filter>ソース ファイル</Filter>
    </ClCompile>
    <ClCompile Include="Renderer\Shader\SimpleShader.cpp">
      <Filter>ソース ファイル\Renderer\Shader</Filter>
    </ClCompile>
    <ClCompile Include="Renderer\Shader\IShader.cpp">
      <Filter>ソース ファイル\Renderer\Shader</Filter>
    </ClCompile>
    <ClCompile Include="Renderer\Shader\ShaderUtility.cpp">
      <Filter>ソース ファイル\Renderer\Shader</Filter>
    </ClCompile>
    <ClCompile Include="pch.cpp">
      <Filter>ソース ファイル</Filter>
    </ClCompile>
    <ClCompile Include="Renderer\Camera\CameraController.cpp">
      <Filter>ソース ファイル\Renderer\Camera</Filter>
    </ClCompile>
    <ClCompile Include="Utility\Mouse.cpp">
      <Filter>ソース ファイル\Utility</Filter>
    </ClCompile>
    <ClCompile Include="Utility\BDB.cpp">
      <Filter>ソース ファイル\Utility</Filter>
    </ClCompile>
    <ClCompile Include="Utility\Profiler.cpp">
      <Filter>ソース ファイル\Utility</Filter>
    </ClCompile>
    <ClCompile Include="GL\Buffer\GLBuffer.cpp">
      <Filter>ソース ファイル\GL\Buffer</Filter>
    </ClCompile>
    <ClCompile Include="Utility\FileUtility.cpp">
      <Filter>ソース ファイル\Utility</Filter>
    </ClCompile>
    <ClCompile Include="Algorithm\KMeansAlgorithm.cpp">
      <Filter>ソース ファイル\Algorithm</Filter>
    </ClCompile>
    <ClCompile Include="Utility\Utility.cpp">
      <Filter>ソース ファイル\Utility</Filter>
    </ClCompile>
    <ClCompile Include="Algorithm\KDTree.cpp">
      <Filter>ソース ファイル\Algorithm</Filter>
    </ClCompile>
    <ClCompile Include="..\extlibs\imgui\imgui_demo.cpp">
      <Filter>ソース ファイル\extlibs</Filter>
    </ClCompile>
    <ClCompile Include="..\extlibs\imgui\imgui_draw.cpp">
      <Filter>ソース ファイル\extlibs</Filter>
    </ClCompile>
    <ClCompile Include="..\extlibs\imgui\imgui_tables.cpp">
      <Filter>ソース ファイル\extlibs</Filter>
    </ClCompile>
    <ClCompile Include="..\extlibs\imgui\imgui_widgets.cpp">
      <Filter>ソース ファイル\extlibs</Filter>
    </ClCompile>
    <ClCompile Include="..\extlibs\imgui\imgui.cpp">
      <Filter>ソース ファイル\extlibs</Filter>
    </ClCompile>
    <ClCompile Include="..\extlibs\imgui\backends\imgui_impl_opengl3.cpp">
      <Filter>ソース ファイル\extlibs</Filter>
    </ClCompile>
    <ClCompile Include="..\extlibs\imgui\backends\imgui_impl_glfw.cpp">
      <Filter>ソース ファイル\extlibs</Filter>
    </ClCompile>
    <ClCompile Include="Node\RenderNode.cpp">
      <Filter>ソース ファイル\Node</Filter>
    </ClCompile>
    <ClCompile Include="Node\PrimitiveNode.cpp">
      <Filter>ソース ファイル\Node</Filter>
    </ClCompile>
    <ClCompile Include="Primitive\Primitives.cpp">
      <Filter>ソース ファイル\Primitive</Filter>
    </ClCompile>
    <ClCompile Include="Primitive\Primitive.cpp">
      <Filter>ソース ファイル\Primitive</Filter>
    </ClCompile>
    <ClCompile Include="Renderer\Camera\Camera.cpp">
      <Filter>ソース ファイル\Renderer\Camera</Filter>
    </ClCompile>
    <ClCompile Include="Renderer\Shader\ShaderTable.cpp">
      <Filter>ソース ファイル\Renderer\Shader</Filter>
    </ClCompile>
    <ClCompile Include="Algorithm\KDTreeNanoFlann.cpp">
      <Filter>ソース ファイル\Algorithm</Filter>
    </ClCompile>
    <ClCompile Include="Algorithm\Harris3D.cpp">
      <Filter>ソース ファイル\Algorithm</Filter>
    </ClCompile>
    <ClCompile Include="Algorithm\AlphaShape.cpp">
      <Filter>ソース ファイル\Algorithm</Filter>
    </ClCompile>
    <ClCompile Include="App\PointCloudApp.cpp">
      <Filter>ソース ファイル\App</Filter>
    </ClCompile>
    <ClCompile Include="App\ComputeShaderTest.cpp">
      <Filter>ソース ファイル\App</Filter>
    </ClCompile>
    <ClCompile Include="App\ComputePointCloudApp.cpp">
      <Filter>ソース ファイル\App</Filter>
    </ClCompile>
    <ClCompile Include="GL\Buffer\Texture.cpp">
      <Filter>ソース ファイル\GL\Buffer</Filter>
    </ClCompile>
    <ClCompile Include="App\GLFWApp.cpp">
      <Filter>ソース ファイル\App</Filter>
    </ClCompile>
    <ClCompile Include="GL\Buffer\FrameBuffer.cpp">
      <Filter>ソース ファイル\GL\Buffer</Filter>
    </ClCompile>
    <ClCompile Include="Node\Loader\TextureLoader.cpp">
      <Filter>ソース ファイル\Node\Loader</Filter>
    </ClCompile>
    <ClCompile Include="Node\GLTF\GLTFLoader.cpp">
      <Filter>ソース ファイル\Node\GLTF</Filter>
    </ClCompile>
    <ClCompile Include="Node\GLTF\GLTFStruct.cpp">
      <Filter>ソース ファイル\Node\GLTF</Filter>
    </ClCompile>
    <ClCompile Include="Node\GLTF\GLTFSceneUpdater.cpp">
      <Filter>ソース ファイル\Node\GLTF</Filter>
    </ClCompile>
    <ClCompile Include="Node\GLTF\GLTFScene.cpp">
      <Filter>ソース ファイル\Node\GLTF</Filter>
    </ClCompile>
    <ClCompile Include="App\MeshShaderTest.cpp">
      <Filter>ソース ファイル\App</Filter>
    </ClCompile>
    <ClCompile Include="GL\GLAPIExt.cpp">
      <Filter>ソース ファイル\GL</Filter>
    </ClCompile>
    <ClCompile Include="Algorithm\HalfEdge\HalfEdgeStruct.cpp">
      <Filter>ソース ファイル\Algorithm\HalfEdge</Filter>
    </ClCompile>
    <ClCompile Include="Node\GLTF\GLTFShader.cpp">
      <Filter>ソース ファイル\Node\GLTF</Filter>
    </ClCompile>
    <ClCompile Include="Algorithm\HalfEdge\HalfEdgeLoader.cpp">
      <Filter>ソース ファイル\Algorithm\HalfEdge</Filter>
    </ClCompile>
    <ClCompile Include="Algorithm\HalfEdge\HalfEdgeNode.cpp">
      <Filter>ソース ファイル\Algorithm\HalfEdge</Filter>
    </ClCompile>
    <ClCompile Include="Node\PointCloud\PointCloudIO.cpp">
      <Filter>ソース ファイル\Node\PointCloud</Filter>
    </ClCompile>
    <ClCompile Include="Node\PointCloud\PointCloudNode.cpp">
      <Filter>ソース ファイル\Node\PointCloud</Filter>
    </ClCompile>
    <ClCompile Include="Node\PointCloud\PointCloud.cpp">
      <Filter>ソース ファイル\Node\PointCloud</Filter>
    </ClCompile>
    <ClCompile Include="Algorithm\MeshletGenerator.cpp">
      <Filter>ソース ファイル\Algorithm</Filter>
    </ClCompile>
    <ClCompile Include="..\extlibs\implot\implot.cpp">
      <Filter>ソース ファイル\extlibs</Filter>
    </ClCompile>
    <ClCompile Include="..\extlibs\implot\implot_demo.cpp">
      <Filter>ソース ファイル\extlibs</Filter>
    </ClCompile>
    <ClCompile Include="..\extlibs\implot\implot_items.cpp">
      <Filter>ソース ファイル\extlibs</Filter>
    </ClCompile>
    <ClCompile Include="Node\SkyBoxNode.cpp">
      <Filter>ソース ファイル\Node</Filter>
    </ClCompile>
    <ClCompile Include="Algorithm\DelaunayGenerator.cpp">
      <Filter>ソース ファイル\Algorithm</Filter>
    </ClCompile>
    <ClCompile Include="Primitive\PrimitiveTable.cpp">
      <Filter>ソース ファイル\Primitive</Filter>
    </ClCompile>
    <ClCompile Include="GL\Buffer\GeometryBuffer.cpp">
      <Filter>ソース ファイル\GL\Buffer</Filter>
    </ClCompile>
    <ClCompile Include="Utility\KIMath.cpp">
      <Filter>ソース ファイル\Utility</Filter>
    </ClCompile>
    <ClCompile Include="Algorithm\ShapeDiameterFunction.cpp">
      <Filter>ソース ファイル\Algorithm</Filter>
    </ClCompile>
    <ClCompile Include="Algorithm\Voxelizer.cpp">
      <Filter>ソース ファイル\Algorithm</Filter>
    </ClCompile>
    <ClCompile Include="Node\CSF\CSFNode.cpp">
      <Filter>ソース ファイル\Node\CSF</Filter>
    </ClCompile>
    <ClCompile Include="Algorithm\SignedDistanceField.cpp">
      <Filter>ソース ファイル\Algorithm</Filter>
    </ClCompile>
    <ClCompile Include="Algorithm\BVH.cpp">
      <Filter>ソース ファイル\Algorithm</Filter>
    </ClCompile>
    <ClCompile Include="Algorithm\GeometryUtility.cpp">
      <Filter>ソース ファイル\Algorithm</Filter>
    </ClCompile>
    <ClCompile Include="Utility\Parameter.cpp">
      <Filter>ソース ファイル\Utility</Filter>
    </ClCompile>
    <ClCompile Include="Node\SimulationNode.cpp">
      <Filter>ソース ファイル\Node</Filter>
    </ClCompile>
    <ClCompile Include="Renderer\Shader\PostEffect.cpp">
      <Filter>ソース ファイル\Renderer\Shader</Filter>
    </ClCompile>
    <ClCompile Include="Node\VolumeNode.cpp">
      <Filter>ソース ファイル\Node</Filter>
    </ClCompile>
    <ClCompile Include="Algorithm\Voxel.cpp">
      <Filter>ソース ファイル\Algorithm</Filter>
    </ClCompile>
    <ClCompile Include="Node\DebugNode.cpp">
      <Filter>ソース ファイル\Node</Filter>
    </ClCompile>
    <ClCompile Include="Primitive\Polyline.cpp">
      <Filter>ソース ファイル\Primitive</Filter>
    </ClCompile>
    <ClCompile Include="Algorithm\HalfEdge\HalfEdgeController.cpp">
      <Filter>ソース ファイル\Algorithm\HalfEdge</Filter>
    </ClCompile>
    <ClCompile Include="Node\TerrainNode.cpp">
      <Filter>ソース ファイル\Node</Filter>
    </ClCompile>
    <ClCompile Include="Algorithm\ShapeMatching.cpp">
      <Filter>ソース ファイル\Algorithm</Filter>
    </ClCompile>
    <ClCompile Include="Algorithm\ImageAlgorithm.cpp">
      <Filter>ソース ファイル\Algorithm</Filter>
    </ClCompile>
    <ClCompile Include="Node\ImageNode.cpp">
      <Filter>ソース ファイル\Node</Filter>
    </ClCompile>
    <ClCompile Include="Primitive\Mesh.cpp">
      <Filter>ソース ファイル\Primitive</Filter>
    </ClCompile>
    <ClCompile Include="Node\STEP\STEPEntity.cpp">
      <Filter>ソース ファイル\Node\STEP</Filter>
    </ClCompile>
    <ClCompile Include="Node\STEP\STEPNode.cpp">
      <Filter>ソース ファイル\Node\STEP</Filter>
    </ClCompile>
    <ClCompile Include="Node\STEP\STEPUtility.cpp">
      <Filter>ソース ファイル\Node\STEP</Filter>
    </ClCompile>
    <ClCompile Include="App\SoftwareRasterizer.cpp">
      <Filter>ソース ファイル\App</Filter>
    </ClCompile>
    <ClCompile Include="Node\DXF\DXFNode.cpp">
      <Filter>ソース ファイル\Node\DXF</Filter>
    </ClCompile>
    <ClCompile Include="Node\GaussianSplatting\GaussianSplattingNode.cpp">
      <Filter>ソース ファイル\Node\GaussianSplatting</Filter>
    </ClCompile>
    <ClCompile Include="Algorithm\CrossSectionLine.cpp">
      <Filter>ソース ファイル\Algorithm</Filter>
    </ClCompile>
    <ClCompile Include="Algorithm\CrossSectionFill.cpp">
      <Filter>ソース ファイル\Algorithm</Filter>
    </ClCompile>
    <ClCompile Include="Utility\ProcessExecutor.cpp">
      <Filter>ソース ファイル\Utility</Filter>
    </ClCompile>
    <ClCompile Include="Renderer\Shader\AlgorithmShader.cpp">
      <Filter>ソース ファイル\Renderer\Shader</Filter>
    </ClCompile>
    <ClCompile Include="Node\Loader\GeometryLoader.cpp">
      <Filter>ソース ファイル\Node\Loader</Filter>
    </ClCompile>
    <ClCompile Include="Utility\AI\AIDataGenerator.cpp">
      <Filter>ソース ファイル\Utility\AI</Filter>
    </ClCompile>
    <ClCompile Include="App\MeshViewer.cpp">
      <Filter>ソース ファイル\App</Filter>
    </ClCompile>
    <ClCompile Include="App\STEPViewer.cpp">
      <Filter>ソース ファイル\App</Filter>
    </ClCompile>
    <ClCompile Include="Renderer\PBR.cpp">
      <Filter>ソース ファイル\Renderer</Filter>
    </ClCompile>
    <ClCompile Include="Renderer\ClusteredLightCuller.cpp">
      <Filter>ソース ファイル\Renderer</Filter>
    </ClCompile>
    <ClCompile Include="Utility\CameraFrustumDebug.cpp">
      <Filter>ソース ファイル\Utility</Filter>
    </ClCompile>
    <ClCompile Include="GL\RenderPass.cpp">
      <Filter>ソース ファイル\GL</Filter>
    </ClCompile>
    <ClCompile Include="GL\RenderResource.cpp">
      <Filter>ソース ファイル\GL</Filter>
    </ClCompile>
    <ClCompile Include="GL\RenderTarget.cpp">
      <Filter>ソース ファイル\GL</Filter>
    </ClCompile>
    <ClCompile Include="GL\GLContext.cpp">
      <Filter>ソース ファイル\GL</Filter>
    </ClCompile>
  </ItemGroup>
  <ItemGroup>
    <ClInclude Include="Renderer\Camera\CameraController.h">
      <Filter>ソース ファイル\Renderer\Camera</Filter>
    </ClInclude>
    <ClInclude Include="GL\Buffer\GLBuffer.h">
      <Filter>ソース ファイル\GL\Buffer</Filter>
    </ClInclude>
    <ClInclude Include="Renderer\Shader\IShader.h">
      <Filter>ソース ファイル\Renderer\Shader</Filter>
    </ClInclude>
    <ClInclude Include="Renderer\Shader\ShaderUtility.h">
      <Filter>ソース ファイル\Renderer\Shader</Filter>
    </ClInclude>
    <ClInclude Include="Renderer\Shader\SimpleShader.h">
      <Filter>ソース ファイル\Renderer\Shader</Filter>
    </ClInclude>
    <ClInclude Include="Utility\BDB.h">
      <Filter>ソース ファイル\Utility</Filter>
    </ClInclude>
    <ClInclude Include="Utility\Mouse.h">
      <Filter>ソース ファイル\Utility</Filter>
    </ClInclude>
    <ClInclude Include="Utility\MouseInput.h">
      <Filter>ソース ファイル\Utility</Filter>
    </ClInclude>
    <ClInclude Include="Utility\Profiler.h">
      <Filter>ソース ファイル\Utility</Filter>
    </ClInclude>
    <ClInclude Include="pch.h">
      <Filter>ソース ファイル</Filter>
    </ClInclude>
    <ClInclude Include="Utility\FileUtility.h">
      <Filter>ソース ファイル\Utility</Filter>
    </ClInclude>
    <ClInclude Include="Algorithm\IAlgorithm.h">
      <Filter>ソース ファイル\Algorithm</Filter>
    </ClInclude>
    <ClInclude Include="Algorithm\KMeansAlgorithm.h">
      <Filter>ソース ファイル\Algorithm</Filter>
    </ClInclude>
    <ClInclude Include="Utility\Random.h">
      <Filter>ソース ファイル\Utility</Filter>
    </ClInclude>
    <ClInclude Include="Utility\Utility.h">
      <Filter>ソース ファイル\Utility</Filter>
    </ClInclude>
    <ClInclude Include="Algorithm\KDTree.h">
      <Filter>ソース ファイル\Algorithm</Filter>
    </ClInclude>
    <ClInclude Include="..\extlibs\imgui\imgui.h">
      <Filter>ソース ファイル\extlibs</Filter>
    </ClInclude>
    <ClInclude Include="..\extlibs\imgui\imgui_internal.h">
      <Filter>ソース ファイル\extlibs</Filter>
    </ClInclude>
    <ClInclude Include="..\extlibs\imgui\imstb_rectpack.h">
      <Filter>ソース ファイル\extlibs</Filter>
    </ClInclude>
    <ClInclude Include="..\extlibs\imgui\imstb_textedit.h">
      <Filter>ソース ファイル\extlibs</Filter>
    </ClInclude>
    <ClInclude Include="..\extlibs\imgui\imstb_truetype.h">
      <Filter>ソース ファイル\extlibs</Filter>
    </ClInclude>
    <ClInclude Include="..\extlibs\imgui\imconfig.h">
      <Filter>ソース ファイル\extlibs</Filter>
    </ClInclude>
    <ClInclude Include="..\extlibs\imgui\backends\imgui_impl_opengl3.h">
      <Filter>ソース ファイル\extlibs</Filter>
    </ClInclude>
    <ClInclude Include="..\extlibs\imgui\backends\imgui_impl_glfw.h">
      <Filter>ソース ファイル\extlibs</Filter>
    </ClInclude>
    <ClInclude Include="Node\RenderNode.h">
      <Filter>ソース ファイル\Node</Filter>
    </ClInclude>
    <ClInclude Include="Node\PrimitiveNode.h">
      <Filter>ソース ファイル\Node</Filter>
    </ClInclude>
    <ClInclude Include="Primitive\Primitives.h">
      <Filter>ソース ファイル\Primitive</Filter>
    </ClInclude>
    <ClInclude Include="Primitive\Primitive.h">
      <Filter>ソース ファイル\Primitive</Filter>
    </ClInclude>
    <ClInclude Include="Renderer\Camera\Camera.h">
      <Filter>ソース ファイル\Renderer\Camera</Filter>
    </ClInclude>
    <ClInclude Include="Renderer\Shader\ShaderTable.h">
      <Filter>ソース ファイル\Renderer\Shader</Filter>
    </ClInclude>
    <ClInclude Include="Algorithm\KDTreeNanoFlann.h">
      <Filter>ソース ファイル\Algorithm</Filter>
    </ClInclude>
    <ClInclude Include="Algorithm\Harris3D.h">
      <Filter>ソース ファイル\Algorithm</Filter>
    </ClInclude>
    <ClInclude Include="Algorithm\AlphaShape.h">
      <Filter>ソース ファイル\Algorithm</Filter>
    </ClInclude>
    <ClInclude Include="App\PointCloudApp.h">
      <Filter>ソース ファイル\App</Filter>
    </ClInclude>
    <ClInclude Include="App\TheApp.h">
      <Filter>ソース ファイル\App</Filter>
    </ClInclude>
    <ClInclude Include="App\ComputeShaderTest.h">
      <Filter>ソース ファイル\App</Filter>
    </ClInclude>
    <ClInclude Include="App\ComputePointCloudApp.h">
      <Filter>ソース ファイル\App</Filter>
    </ClInclude>
    <ClInclude Include="GL\Buffer\Texture.h">
      <Filter>ソース ファイル\GL\Buffer</Filter>
    </ClInclude>
    <ClInclude Include="App\GLFWApp.h">
      <Filter>ソース ファイル\App</Filter>
    </ClInclude>
    <ClInclude Include="GL\Buffer\FrameBuffer.h">
      <Filter>ソース ファイル\GL\Buffer</Filter>
    </ClInclude>
    <ClInclude Include="GL\GLTypes.h">
      <Filter>ソース ファイル\GL</Filter>
    </ClInclude>
    <ClInclude Include="Node\Loader\TextureLoader.h">
      <Filter>ソース ファイル\Node\Loader</Filter>
    </ClInclude>
    <ClInclude Include="Node\GLTF\GLTFLoader.h">
      <Filter>ソース ファイル\Node\GLTF</Filter>
    </ClInclude>
    <ClInclude Include="Node\GLTF\GLTFStruct.h">
      <Filter>ソース ファイル\Node\GLTF</Filter>
    </ClInclude>
    <ClInclude Include="Node\GLTF\GLTFSceneUpdater.h">
      <Filter>ソース ファイル\Node\GLTF</Filter>
    </ClInclude>
    <ClInclude Include="Node\GLTF\GLTFScene.h">
      <Filter>ソース ファイル\Node\GLTF</Filter>
    </ClInclude>
    <ClInclude Include="App\MeshShaderTest.h">
      <Filter>ソース ファイル\App</Filter>
    </ClInclude>
    <ClInclude Include="GL\GLAPIExt.h">
      <Filter>ソース ファイル\GL</Filter>
    </ClInclude>
    <ClInclude Include="Algorithm\HalfEdge\HalfEdgeStruct.h">
      <Filter>ソース ファイル\Algorithm\HalfEdge</Filter>
    </ClInclude>
    <ClInclude Include="Node\GLTF\GLTFShader.h">
      <Filter>ソース ファイル\Node\GLTF</Filter>
    </ClInclude>
    <ClInclude Include="Algorithm\HalfEdge\HalfEdgeLoader.h">
      <Filter>ソース ファイル\Algorithm\HalfEdge</Filter>
    </ClInclude>
    <ClInclude Include="Algorithm\HalfEdge\HalfEdgeNode.h">
      <Filter>ソース ファイル\Algorithm\HalfEdge</Filter>
    </ClInclude>
    <ClInclude Include="Node\PointCloud\PointCloudIO.h">
      <Filter>ソース ファイル\Node\PointCloud</Filter>
    </ClInclude>
    <ClInclude Include="Node\PointCloud\PointCloudNode.h">
      <Filter>ソース ファイル\Node\PointCloud</Filter>
    </ClInclude>
    <ClInclude Include="Node\PointCloud\PointCloud.h">
      <Filter>ソース ファイル\Node\PointCloud</Filter>
    </ClInclude>
    <ClInclude Include="Algorithm\MeshletGenerator.h">
      <Filter>ソース ファイル\Algorithm</Filter>
    </ClInclude>
    <ClInclude Include="..\extlibs\implot\implot.h">
      <Filter>ソース ファイル\extlibs</Filter>
    </ClInclude>
    <ClInclude Include="..\extlibs\implot\implot_internal.h">
      <Filter>ソース ファイル\extlibs</Filter>
    </ClInclude>
    <ClInclude Include="Node\SkyBoxNode.h">
      <Filter>ソース ファイル\Node</Filter>
    </ClInclude>
    <ClInclude Include="Algorithm\DelaunayGenerator.h">
      <Filter>ソース ファイル\Algorithm</Filter>
    </ClInclude>
    <ClInclude Include="Primitive\PrimitiveTable.h">
      <Filter>ソース ファイル\Primitive</Filter>
    </ClInclude>
    <ClInclude Include="GL\Buffer\GeometryBuffer.h">
      <Filter>ソース ファイル\GL\Buffer</Filter>
    </ClInclude>
    <ClInclude Include="Utility\KIMath.h">
      <Filter>ソース ファイル\Utility</Filter>
    </ClInclude>
    <ClInclude Include="Algorithm\ShapeDiameterFunction.h">
      <Filter>ソース ファイル\Algorithm</Filter>
    </ClInclude>
    <ClInclude Include="Algorithm\Voxelizer.h">
      <Filter>ソース ファイル\Algorithm</Filter>
    </ClInclude>
    <ClInclude Include="Node\CSF\CSFNode.h">
      <Filter>ソース ファイル\Node\CSF</Filter>
    </ClInclude>
    <ClInclude Include="Algorithm\SignedDistanceField.h">
      <Filter>ソース ファイル\Algorithm</Filter>
    </ClInclude>
    <ClInclude Include="Algorithm\BVH.h">
      <Filter>ソース ファイル\Algorithm</Filter>
    </ClInclude>
    <ClInclude Include="Algorithm\GeometryUtility.h">
      <Filter>ソース ファイル\Algorithm</Filter>
    </ClInclude>
    <ClInclude Include="Utility\Parameter.h">
      <Filter>ソース ファイル\Utility</Filter>
    </ClInclude>
    <ClInclude Include="Node\SimulationNode.h">
      <Filter>ソース ファイル\Node</Filter>
    </ClInclude>
    <ClInclude Include="Renderer\Shader\PostEffect.h">
      <Filter>ソース ファイル\Renderer\Shader</Filter>
    </ClInclude>
    <ClInclude Include="Node\VolumeNode.h">
      <Filter>ソース ファイル\Node</Filter>
    </ClInclude>
    <ClInclude Include="Algorithm\Voxel.h">
      <Filter>ソース ファイル\Algorithm</Filter>
    </ClInclude>
    <ClInclude Include="Node\DebugNode.h">
      <Filter>ソース ファイル\Node</Filter>
    </ClInclude>
    <ClInclude Include="Primitive\Polyline.h">
      <Filter>ソース ファイル\Primitive</Filter>
    </ClInclude>
    <ClInclude Include="Utility\MouseController.h">
      <Filter>ソース ファイル\Utility</Filter>
    </ClInclude>
    <ClInclude Include="Algorithm\HalfEdge\HalfEdgeController.h">
      <Filter>ソース ファイル\Algorithm\HalfEdge</Filter>
    </ClInclude>
    <ClInclude Include="Node\TerrainNode.h">
      <Filter>ソース ファイル\Node</Filter>
    </ClInclude>
    <ClInclude Include="Algorithm\ShapeMatching.h">
      <Filter>ソース ファイル\Algorithm</Filter>
    </ClInclude>
    <ClInclude Include="Algorithm\ImageAlgorithm.h">
      <Filter>ソース ファイル\Algorithm</Filter>
    </ClInclude>
    <ClInclude Include="Node\ImageNode.h">
      <Filter>ソース ファイル\Node</Filter>
    </ClInclude>
    <ClInclude Include="Primitive\Mesh.h">
      <Filter>ソース ファイル\Primitive</Filter>
    </ClInclude>
    <ClInclude Include="Node\STEP\STEPEntity.h">
      <Filter>ソース ファイル\Node\STEP</Filter>
    </ClInclude>
    <ClInclude Include="Node\STEP\STEPNode.h">
      <Filter>ソース ファイル\Node\STEP</Filter>
    </ClInclude>
    <ClInclude Include="Node\STEP\STEPTypes.h">
      <Filter>ソース ファイル\Node\STEP</Filter>
    </ClInclude>
    <ClInclude Include="Node\STEP\STEPUtility.h">
      <Filter>ソース ファイル\Node\STEP</Filter>
    </ClInclude>
    <ClInclude Include="App\SoftwareRasterizer.h">
      <Filter>ソース ファイル\App</Filter>
    </ClInclude>
    <ClInclude Include="Utility\SIMDAPI.h">
      <Filter>ソース ファイル\Utility</Filter>
    </ClInclude>
    <ClInclude Include="Node\DXF\DXFNode.h">
      <Filter>ソース ファイル\Node\DXF</Filter>
    </ClInclude>
    <ClInclude Include="Node\GaussianSplatting\GaussianSplattingNode.h">
      <Filter>ソース ファイル\Node\GaussianSplatting</Filter>
    </ClInclude>
    <ClInclude Include="Algorithm\CrossSectionLine.h">
      <Filter>ソース ファイル\Algorithm</Filter>
    </ClInclude>
    <ClInclude Include="Utility\ProcessExecutor.h">
      <Filter>ソース ファイル\Utility</Filter>
    </ClInclude>
    <ClInclude Include="Renderer\Shader\AlgorithmShader.h">
      <Filter>ソース ファイル\Renderer\Shader</Filter>
    </ClInclude>
    <ClInclude Include="Node\Loader\GeometryLoader.h">
      <Filter>ソース ファイル\Node\Loader</Filter>
    </ClInclude>
    <ClInclude Include="Utility\AI\AIDataGenerator.h">
      <Filter>ソース ファイル\Utility\AI</Filter>
    </ClInclude>
    <ClInclude Include="App\MeshViewer.h">
      <Filter>ソース ファイル\App</Filter>
    </ClInclude>
    <ClInclude Include="App\STEPViewer.h">
      <Filter>ソース ファイル\App</Filter>
    </ClInclude>
    <ClInclude Include="Algorithm\CrossSectionFill.h">
      <Filter>ソース ファイル\Algorithm</Filter>
    </ClInclude>
    <ClInclude Include="Renderer\PBR.h">
      <Filter>ソース ファイル\Renderer</Filter>
    </ClInclude>
    <ClInclude Include="Renderer\ClusteredLightCuller.h">
      <Filter>ソース ファイル\Renderer</Filter>
    </ClInclude>
    <ClInclude Include="Utility\CameraFrustumDebug.h">
      <Filter>ソース ファイル\Utility</Filter>
    </ClInclude>
    <ClInclude Include="Renderer\Light.h">
      <Filter>ソース ファイル\Renderer</Filter>
    </ClInclude>
    <ClInclude Include="GL\RenderTarget.h">
      <Filter>ソース ファイル\GL</Filter>
    </ClInclude>
    <ClInclude Include="GL\RenderPass.h">
      <Filter>ソース ファイル\GL</Filter>
    </ClInclude>
    <ClInclude Include="GL\RenderResource.h">
      <Filter>ソース ファイル\GL</Filter>
    </ClInclude>
    <ClInclude Include="GL\GLContext.h">
      <Filter>ソース ファイル\GL</Filter>
    </ClInclude>
  </ItemGroup>
  <ItemGroup>
    <None Include="cpp.hint" />
  </ItemGroup>
</Project>
